// !$*UTF8*$!
{
	archiveVersion = 1;
	classes = {
	};
	objectVersion = 56;
	objects = {

/* Begin PBXBuildFile section */
		1F541BBC291B063700479656 /* DataStore.swift in Sources */ = {isa = PBXBuildFile; fileRef = 1F541BBB291B063700479656 /* DataStore.swift */; };
		1F55F0732933DE5E00657F3D /* TickerCell.swift in Sources */ = {isa = PBXBuildFile; fileRef = 1F55F0722933DE5E00657F3D /* TickerCell.swift */; };
		1F57B4282919977700720836 /* EpisodeScheduleTableViewController.swift in Sources */ = {isa = PBXBuildFile; fileRef = 1F57B4272919977700720836 /* EpisodeScheduleTableViewController.swift */; };
		1F57B42A2919992600720836 /* NetworkManager.swift in Sources */ = {isa = PBXBuildFile; fileRef = 1F57B4292919992600720836 /* NetworkManager.swift */; };
		1F6CF79F291474D500AD28A7 /* AppDelegate.swift in Sources */ = {isa = PBXBuildFile; fileRef = 1F6CF79E291474D500AD28A7 /* AppDelegate.swift */; };
		1F6CF7A1291474D500AD28A7 /* SceneDelegate.swift in Sources */ = {isa = PBXBuildFile; fileRef = 1F6CF7A0291474D500AD28A7 /* SceneDelegate.swift */; };
		1F6CF7A6291474D500AD28A7 /* Main.storyboard in Resources */ = {isa = PBXBuildFile; fileRef = 1F6CF7A4291474D500AD28A7 /* Main.storyboard */; };
		1F6CF7A8291474D800AD28A7 /* Assets.xcassets in Resources */ = {isa = PBXBuildFile; fileRef = 1F6CF7A7291474D800AD28A7 /* Assets.xcassets */; };
		1F6CF7AB291474D800AD28A7 /* LaunchScreen.storyboard in Resources */ = {isa = PBXBuildFile; fileRef = 1F6CF7A9291474D800AD28A7 /* LaunchScreen.storyboard */; };
		1F6CF7B52914756200AD28A7 /* EpisodeInfo.swift in Sources */ = {isa = PBXBuildFile; fileRef = 1F6CF7B42914756100AD28A7 /* EpisodeInfo.swift */; };
		1F8D34E7291A4F8700CE6666 /* ScheduleCell.swift in Sources */ = {isa = PBXBuildFile; fileRef = 1F8D34E6291A4F8700CE6666 /* ScheduleCell.swift */; };
		1F8D34E9291A7AC100CE6666 /* DetailEpisodeViewController.swift in Sources */ = {isa = PBXBuildFile; fileRef = 1F8D34E8291A7AC100CE6666 /* DetailEpisodeViewController.swift */; };
		1F8D34EC291AB14100CE6666 /* ShowsCollectionViewController.swift in Sources */ = {isa = PBXBuildFile; fileRef = 1F8D34EB291AB14100CE6666 /* ShowsCollectionViewController.swift */; };
		1F8D34F0291ABFBA00CE6666 /* ShowCell.swift in Sources */ = {isa = PBXBuildFile; fileRef = 1F8D34EF291ABFBA00CE6666 /* ShowCell.swift */; };
		1F97541129238EFA002A9D3E /* Kingfisher in Frameworks */ = {isa = PBXBuildFile; productRef = 1F97541029238EFA002A9D3E /* Kingfisher */; };
		1FAC62E7291AF0E400274E4F /* DetailShowViewController.swift in Sources */ = {isa = PBXBuildFile; fileRef = 1FAC62E6291AF0E400274E4F /* DetailShowViewController.swift */; };
		1FC14641291C233200718B20 /* PreviewViewController.swift in Sources */ = {isa = PBXBuildFile; fileRef = 1FC14640291C233200718B20 /* PreviewViewController.swift */; };
		1FC14647291C2DAA00718B20 /* SpringAnimation in Frameworks */ = {isa = PBXBuildFile; productRef = 1FC14646291C2DAA00718B20 /* SpringAnimation */; };
		1FF2FD9E291EF4EE00AC9C0C /* Alamofire in Frameworks */ = {isa = PBXBuildFile; productRef = 1FF2FD9D291EF4EE00AC9C0C /* Alamofire */; };
/* End PBXBuildFile section */

/* Begin PBXFileReference section */
		1F541BBB291B063700479656 /* DataStore.swift */ = {isa = PBXFileReference; lastKnownFileType = sourcecode.swift; path = DataStore.swift; sourceTree = "<group>"; };
		1F55F0722933DE5E00657F3D /* TickerCell.swift */ = {isa = PBXFileReference; lastKnownFileType = sourcecode.swift; path = TickerCell.swift; sourceTree = "<group>"; };
		1F57B4272919977700720836 /* EpisodeScheduleTableViewController.swift */ = {isa = PBXFileReference; lastKnownFileType = sourcecode.swift; path = EpisodeScheduleTableViewController.swift; sourceTree = "<group>"; };
		1F57B4292919992600720836 /* NetworkManager.swift */ = {isa = PBXFileReference; lastKnownFileType = sourcecode.swift; path = NetworkManager.swift; sourceTree = "<group>"; };
		1F6CF79B291474D500AD28A7 /* TVmazeSchedule.app */ = {isa = PBXFileReference; explicitFileType = wrapper.application; includeInIndex = 0; path = TVmazeSchedule.app; sourceTree = BUILT_PRODUCTS_DIR; };
		1F6CF79E291474D500AD28A7 /* AppDelegate.swift */ = {isa = PBXFileReference; lastKnownFileType = sourcecode.swift; path = AppDelegate.swift; sourceTree = "<group>"; };
		1F6CF7A0291474D500AD28A7 /* SceneDelegate.swift */ = {isa = PBXFileReference; lastKnownFileType = sourcecode.swift; path = SceneDelegate.swift; sourceTree = "<group>"; };
		1F6CF7A5291474D500AD28A7 /* Base */ = {isa = PBXFileReference; lastKnownFileType = file.storyboard; name = Base; path = Base.lproj/Main.storyboard; sourceTree = "<group>"; };
		1F6CF7A7291474D800AD28A7 /* Assets.xcassets */ = {isa = PBXFileReference; lastKnownFileType = folder.assetcatalog; path = Assets.xcassets; sourceTree = "<group>"; };
		1F6CF7AA291474D800AD28A7 /* Base */ = {isa = PBXFileReference; lastKnownFileType = file.storyboard; name = Base; path = Base.lproj/LaunchScreen.storyboard; sourceTree = "<group>"; };
		1F6CF7AC291474D800AD28A7 /* Info.plist */ = {isa = PBXFileReference; lastKnownFileType = text.plist.xml; path = Info.plist; sourceTree = "<group>"; };
		1F6CF7B42914756100AD28A7 /* EpisodeInfo.swift */ = {isa = PBXFileReference; lastKnownFileType = sourcecode.swift; path = EpisodeInfo.swift; sourceTree = "<group>"; };
		1F8D34E6291A4F8700CE6666 /* ScheduleCell.swift */ = {isa = PBXFileReference; lastKnownFileType = sourcecode.swift; path = ScheduleCell.swift; sourceTree = "<group>"; };
		1F8D34E8291A7AC100CE6666 /* DetailEpisodeViewController.swift */ = {isa = PBXFileReference; lastKnownFileType = sourcecode.swift; path = DetailEpisodeViewController.swift; sourceTree = "<group>"; };
		1F8D34EB291AB14100CE6666 /* ShowsCollectionViewController.swift */ = {isa = PBXFileReference; lastKnownFileType = sourcecode.swift; path = ShowsCollectionViewController.swift; sourceTree = "<group>"; };
		1F8D34EF291ABFBA00CE6666 /* ShowCell.swift */ = {isa = PBXFileReference; lastKnownFileType = sourcecode.swift; path = ShowCell.swift; sourceTree = "<group>"; };
		1FAC62E6291AF0E400274E4F /* DetailShowViewController.swift */ = {isa = PBXFileReference; lastKnownFileType = sourcecode.swift; path = DetailShowViewController.swift; sourceTree = "<group>"; };
		1FC14640291C233200718B20 /* PreviewViewController.swift */ = {isa = PBXFileReference; lastKnownFileType = sourcecode.swift; path = PreviewViewController.swift; sourceTree = "<group>"; };
/* End PBXFileReference section */

/* Begin PBXFrameworksBuildPhase section */
		1F6CF798291474D500AD28A7 /* Frameworks */ = {
			isa = PBXFrameworksBuildPhase;
			buildActionMask = 2147483647;
			files = (
				1F97541129238EFA002A9D3E /* Kingfisher in Frameworks */,
				1FC14647291C2DAA00718B20 /* SpringAnimation in Frameworks */,
				1FF2FD9E291EF4EE00AC9C0C /* Alamofire in Frameworks */,
			);
			runOnlyForDeploymentPostprocessing = 0;
		};
/* End PBXFrameworksBuildPhase section */

/* Begin PBXGroup section */
		1F57B42B2919993400720836 /* Services */ = {
			isa = PBXGroup;
			children = (
				1F541BBB291B063700479656 /* DataStore.swift */,
				1F57B4292919992600720836 /* NetworkManager.swift */,
			);
			path = Services;
			sourceTree = "<group>";
		};
		1F6CF792291474D400AD28A7 = {
			isa = PBXGroup;
			children = (
				1F6CF79D291474D500AD28A7 /* TVmazeSchedule */,
				1F6CF79C291474D500AD28A7 /* Products */,
				1FC14645291C2DAA00718B20 /* Frameworks */,
			);
			sourceTree = "<group>";
		};
		1F6CF79C291474D500AD28A7 /* Products */ = {
			isa = PBXGroup;
			children = (
				1F6CF79B291474D500AD28A7 /* TVmazeSchedule.app */,
			);
			name = Products;
			sourceTree = "<group>";
		};
		1F6CF79D291474D500AD28A7 /* TVmazeSchedule */ = {
			isa = PBXGroup;
			children = (
				1F6CF7A7291474D800AD28A7 /* Assets.xcassets */,
				1F8D34EA291AB11800CE6666 /* Views */,
				1F6CF7B729150B8E00AD28A7 /* App */,
				1F6CF7B629150B7100AD28A7 /* ViewControllers */,
				1F6CF7B829150B9800AD28A7 /* Models */,
				1F6CF7B929150BA600AD28A7 /* Storyboards */,
				1F57B42B2919993400720836 /* Services */,
			);
			path = TVmazeSchedule;
			sourceTree = "<group>";
		};
		1F6CF7B629150B7100AD28A7 /* ViewControllers */ = {
			isa = PBXGroup;
			children = (
				1FC14640291C233200718B20 /* PreviewViewController.swift */,
				1F8D34EB291AB14100CE6666 /* ShowsCollectionViewController.swift */,
				1FAC62E6291AF0E400274E4F /* DetailShowViewController.swift */,
				1F57B4272919977700720836 /* EpisodeScheduleTableViewController.swift */,
				1F8D34E8291A7AC100CE6666 /* DetailEpisodeViewController.swift */,
			);
			path = ViewControllers;
			sourceTree = "<group>";
		};
		1F6CF7B729150B8E00AD28A7 /* App */ = {
			isa = PBXGroup;
			children = (
				1F6CF79E291474D500AD28A7 /* AppDelegate.swift */,
				1F6CF7A0291474D500AD28A7 /* SceneDelegate.swift */,
				1F6CF7AC291474D800AD28A7 /* Info.plist */,
			);
			path = App;
			sourceTree = "<group>";
		};
		1F6CF7B829150B9800AD28A7 /* Models */ = {
			isa = PBXGroup;
			children = (
				1F6CF7B42914756100AD28A7 /* EpisodeInfo.swift */,
			);
			path = Models;
			sourceTree = "<group>";
		};
		1F6CF7B929150BA600AD28A7 /* Storyboards */ = {
			isa = PBXGroup;
			children = (
				1F6CF7A4291474D500AD28A7 /* Main.storyboard */,
				1F6CF7A9291474D800AD28A7 /* LaunchScreen.storyboard */,
			);
			path = Storyboards;
			sourceTree = "<group>";
		};
		1F8D34EA291AB11800CE6666 /* Views */ = {
			isa = PBXGroup;
			children = (
				1F8D34EF291ABFBA00CE6666 /* ShowCell.swift */,
				1F8D34E6291A4F8700CE6666 /* ScheduleCell.swift */,
				1F55F0722933DE5E00657F3D /* TickerCell.swift */,
			);
			path = Views;
			sourceTree = "<group>";
		};
		1FC14645291C2DAA00718B20 /* Frameworks */ = {
			isa = PBXGroup;
			children = (
			);
			name = Frameworks;
			sourceTree = "<group>";
		};
/* End PBXGroup section */

/* Begin PBXNativeTarget section */
		1F6CF79A291474D500AD28A7 /* TVmazeSchedule */ = {
			isa = PBXNativeTarget;
			buildConfigurationList = 1F6CF7AF291474D800AD28A7 /* Build configuration list for PBXNativeTarget "TVmazeSchedule" */;
			buildPhases = (
				1F6CF797291474D500AD28A7 /* Sources */,
				1F6CF798291474D500AD28A7 /* Frameworks */,
				1F6CF799291474D500AD28A7 /* Resources */,
			);
			buildRules = (
			);
			dependencies = (
			);
			name = TVmazeSchedule;
			packageProductDependencies = (
				1FC14646291C2DAA00718B20 /* SpringAnimation */,
				1FF2FD9D291EF4EE00AC9C0C /* Alamofire */,
				1F97541029238EFA002A9D3E /* Kingfisher */,
			);
			productName = TVmazeSchedule;
			productReference = 1F6CF79B291474D500AD28A7 /* TVmazeSchedule.app */;
			productType = "com.apple.product-type.application";
		};
/* End PBXNativeTarget section */

/* Begin PBXProject section */
		1F6CF793291474D500AD28A7 /* Project object */ = {
			isa = PBXProject;
			attributes = {
				BuildIndependentTargetsInParallel = 1;
				LastSwiftUpdateCheck = 1400;
				LastUpgradeCheck = 1400;
				TargetAttributes = {
					1F6CF79A291474D500AD28A7 = {
						CreatedOnToolsVersion = 14.0;
					};
				};
			};
			buildConfigurationList = 1F6CF796291474D500AD28A7 /* Build configuration list for PBXProject "TVmazeSchedule" */;
			compatibilityVersion = "Xcode 14.0";
			developmentRegion = en;
			hasScannedForEncodings = 0;
			knownRegions = (
				en,
				Base,
			);
			mainGroup = 1F6CF792291474D400AD28A7;
			packageReferences = (
				1FC14642291C2A1200718B20 /* XCRemoteSwiftPackageReference "SpringAnimation" */,
				1FF2FD9C291EF4EE00AC9C0C /* XCRemoteSwiftPackageReference "Alamofire" */,
				1F97540F29238EFA002A9D3E /* XCRemoteSwiftPackageReference "Kingfisher" */,
			);
			productRefGroup = 1F6CF79C291474D500AD28A7 /* Products */;
			projectDirPath = "";
			projectRoot = "";
			targets = (
				1F6CF79A291474D500AD28A7 /* TVmazeSchedule */,
			);
		};
/* End PBXProject section */

/* Begin PBXResourcesBuildPhase section */
		1F6CF799291474D500AD28A7 /* Resources */ = {
			isa = PBXResourcesBuildPhase;
			buildActionMask = 2147483647;
			files = (
				1F6CF7AB291474D800AD28A7 /* LaunchScreen.storyboard in Resources */,
				1F6CF7A8291474D800AD28A7 /* Assets.xcassets in Resources */,
				1F6CF7A6291474D500AD28A7 /* Main.storyboard in Resources */,
			);
			runOnlyForDeploymentPostprocessing = 0;
		};
/* End PBXResourcesBuildPhase section */

/* Begin PBXSourcesBuildPhase section */
		1F6CF797291474D500AD28A7 /* Sources */ = {
			isa = PBXSourcesBuildPhase;
			buildActionMask = 2147483647;
			files = (
				1F6CF79F291474D500AD28A7 /* AppDelegate.swift in Sources */,
				1F6CF7A1291474D500AD28A7 /* SceneDelegate.swift in Sources */,
				1FAC62E7291AF0E400274E4F /* DetailShowViewController.swift in Sources */,
				1F8D34E9291A7AC100CE6666 /* DetailEpisodeViewController.swift in Sources */,
				1F541BBC291B063700479656 /* DataStore.swift in Sources */,
				1F57B42A2919992600720836 /* NetworkManager.swift in Sources */,
				1F57B4282919977700720836 /* EpisodeScheduleTableViewController.swift in Sources */,
				1F8D34EC291AB14100CE6666 /* ShowsCollectionViewController.swift in Sources */,
				1F8D34F0291ABFBA00CE6666 /* ShowCell.swift in Sources */,
				1F55F0732933DE5E00657F3D /* TickerCell.swift in Sources */,
				1F8D34E7291A4F8700CE6666 /* ScheduleCell.swift in Sources */,
				1F6CF7B52914756200AD28A7 /* EpisodeInfo.swift in Sources */,
				1FC14641291C233200718B20 /* PreviewViewController.swift in Sources */,
			);
			runOnlyForDeploymentPostprocessing = 0;
		};
/* End PBXSourcesBuildPhase section */

/* Begin PBXVariantGroup section */
		1F6CF7A4291474D500AD28A7 /* Main.storyboard */ = {
			isa = PBXVariantGroup;
			children = (
				1F6CF7A5291474D500AD28A7 /* Base */,
			);
			name = Main.storyboard;
			sourceTree = "<group>";
		};
		1F6CF7A9291474D800AD28A7 /* LaunchScreen.storyboard */ = {
			isa = PBXVariantGroup;
			children = (
				1F6CF7AA291474D800AD28A7 /* Base */,
			);
			name = LaunchScreen.storyboard;
			sourceTree = "<group>";
		};
/* End PBXVariantGroup section */

/* Begin XCBuildConfiguration section */
		1F6CF7AD291474D800AD28A7 /* Debug */ = {
			isa = XCBuildConfiguration;
			buildSettings = {
				ALWAYS_SEARCH_USER_PATHS = NO;
				CLANG_ANALYZER_NONNULL = YES;
				CLANG_ANALYZER_NUMBER_OBJECT_CONVERSION = YES_AGGRESSIVE;
				CLANG_CXX_LANGUAGE_STANDARD = "gnu++20";
				CLANG_ENABLE_MODULES = YES;
				CLANG_ENABLE_OBJC_ARC = YES;
				CLANG_ENABLE_OBJC_WEAK = YES;
				CLANG_WARN_BLOCK_CAPTURE_AUTORELEASING = YES;
				CLANG_WARN_BOOL_CONVERSION = YES;
				CLANG_WARN_COMMA = YES;
				CLANG_WARN_CONSTANT_CONVERSION = YES;
				CLANG_WARN_DEPRECATED_OBJC_IMPLEMENTATIONS = YES;
				CLANG_WARN_DIRECT_OBJC_ISA_USAGE = YES_ERROR;
				CLANG_WARN_DOCUMENTATION_COMMENTS = YES;
				CLANG_WARN_EMPTY_BODY = YES;
				CLANG_WARN_ENUM_CONVERSION = YES;
				CLANG_WARN_INFINITE_RECURSION = YES;
				CLANG_WARN_INT_CONVERSION = YES;
				CLANG_WARN_NON_LITERAL_NULL_CONVERSION = YES;
				CLANG_WARN_OBJC_IMPLICIT_RETAIN_SELF = YES;
				CLANG_WARN_OBJC_LITERAL_CONVERSION = YES;
				CLANG_WARN_OBJC_ROOT_CLASS = YES_ERROR;
				CLANG_WARN_QUOTED_INCLUDE_IN_FRAMEWORK_HEADER = YES;
				CLANG_WARN_RANGE_LOOP_ANALYSIS = YES;
				CLANG_WARN_STRICT_PROTOTYPES = YES;
				CLANG_WARN_SUSPICIOUS_MOVE = YES;
				CLANG_WARN_UNGUARDED_AVAILABILITY = YES_AGGRESSIVE;
				CLANG_WARN_UNREACHABLE_CODE = YES;
				CLANG_WARN__DUPLICATE_METHOD_MATCH = YES;
				COPY_PHASE_STRIP = NO;
				DEBUG_INFORMATION_FORMAT = dwarf;
				ENABLE_STRICT_OBJC_MSGSEND = YES;
				ENABLE_TESTABILITY = YES;
				GCC_C_LANGUAGE_STANDARD = gnu11;
				GCC_DYNAMIC_NO_PIC = NO;
				GCC_NO_COMMON_BLOCKS = YES;
				GCC_OPTIMIZATION_LEVEL = 0;
				GCC_PREPROCESSOR_DEFINITIONS = (
					"DEBUG=1",
					"$(inherited)",
				);
				GCC_WARN_64_TO_32_BIT_CONVERSION = YES;
				GCC_WARN_ABOUT_RETURN_TYPE = YES_ERROR;
				GCC_WARN_UNDECLARED_SELECTOR = YES;
				GCC_WARN_UNINITIALIZED_AUTOS = YES_AGGRESSIVE;
				GCC_WARN_UNUSED_FUNCTION = YES;
				GCC_WARN_UNUSED_VARIABLE = YES;
				IPHONEOS_DEPLOYMENT_TARGET = 16.0;
				MTL_ENABLE_DEBUG_INFO = INCLUDE_SOURCE;
				MTL_FAST_MATH = YES;
				ONLY_ACTIVE_ARCH = YES;
				SDKROOT = iphoneos;
				SWIFT_ACTIVE_COMPILATION_CONDITIONS = DEBUG;
				SWIFT_OPTIMIZATION_LEVEL = "-Onone";
			};
			name = Debug;
		};
		1F6CF7AE291474D800AD28A7 /* Release */ = {
			isa = XCBuildConfiguration;
			buildSettings = {
				ALWAYS_SEARCH_USER_PATHS = NO;
				CLANG_ANALYZER_NONNULL = YES;
				CLANG_ANALYZER_NUMBER_OBJECT_CONVERSION = YES_AGGRESSIVE;
				CLANG_CXX_LANGUAGE_STANDARD = "gnu++20";
				CLANG_ENABLE_MODULES = YES;
				CLANG_ENABLE_OBJC_ARC = YES;
				CLANG_ENABLE_OBJC_WEAK = YES;
				CLANG_WARN_BLOCK_CAPTURE_AUTORELEASING = YES;
				CLANG_WARN_BOOL_CONVERSION = YES;
				CLANG_WARN_COMMA = YES;
				CLANG_WARN_CONSTANT_CONVERSION = YES;
				CLANG_WARN_DEPRECATED_OBJC_IMPLEMENTATIONS = YES;
				CLANG_WARN_DIRECT_OBJC_ISA_USAGE = YES_ERROR;
				CLANG_WARN_DOCUMENTATION_COMMENTS = YES;
				CLANG_WARN_EMPTY_BODY = YES;
				CLANG_WARN_ENUM_CONVERSION = YES;
				CLANG_WARN_INFINITE_RECURSION = YES;
				CLANG_WARN_INT_CONVERSION = YES;
				CLANG_WARN_NON_LITERAL_NULL_CONVERSION = YES;
				CLANG_WARN_OBJC_IMPLICIT_RETAIN_SELF = YES;
				CLANG_WARN_OBJC_LITERAL_CONVERSION = YES;
				CLANG_WARN_OBJC_ROOT_CLASS = YES_ERROR;
				CLANG_WARN_QUOTED_INCLUDE_IN_FRAMEWORK_HEADER = YES;
				CLANG_WARN_RANGE_LOOP_ANALYSIS = YES;
				CLANG_WARN_STRICT_PROTOTYPES = YES;
				CLANG_WARN_SUSPICIOUS_MOVE = YES;
				CLANG_WARN_UNGUARDED_AVAILABILITY = YES_AGGRESSIVE;
				CLANG_WARN_UNREACHABLE_CODE = YES;
				CLANG_WARN__DUPLICATE_METHOD_MATCH = YES;
				COPY_PHASE_STRIP = NO;
				DEBUG_INFORMATION_FORMAT = "dwarf-with-dsym";
				ENABLE_NS_ASSERTIONS = NO;
				ENABLE_STRICT_OBJC_MSGSEND = YES;
				GCC_C_LANGUAGE_STANDARD = gnu11;
				GCC_NO_COMMON_BLOCKS = YES;
				GCC_WARN_64_TO_32_BIT_CONVERSION = YES;
				GCC_WARN_ABOUT_RETURN_TYPE = YES_ERROR;
				GCC_WARN_UNDECLARED_SELECTOR = YES;
				GCC_WARN_UNINITIALIZED_AUTOS = YES_AGGRESSIVE;
				GCC_WARN_UNUSED_FUNCTION = YES;
				GCC_WARN_UNUSED_VARIABLE = YES;
				IPHONEOS_DEPLOYMENT_TARGET = 16.0;
				MTL_ENABLE_DEBUG_INFO = NO;
				MTL_FAST_MATH = YES;
				SDKROOT = iphoneos;
				SWIFT_COMPILATION_MODE = wholemodule;
				SWIFT_OPTIMIZATION_LEVEL = "-O";
				VALIDATE_PRODUCT = YES;
			};
			name = Release;
		};
		1F6CF7B0291474D800AD28A7 /* Debug */ = {
			isa = XCBuildConfiguration;
			buildSettings = {
				ASSETCATALOG_COMPILER_APPICON_NAME = AppIcon;
				ASSETCATALOG_COMPILER_GLOBAL_ACCENT_COLOR_NAME = AccentColor;
				CODE_SIGN_STYLE = Automatic;
				CURRENT_PROJECT_VERSION = 1;
				DEVELOPMENT_TEAM = 22NTM9AJGF;
				GENERATE_INFOPLIST_FILE = YES;
				INFOPLIST_FILE = TVmazeSchedule/App/Info.plist;
				INFOPLIST_KEY_UIApplicationSupportsIndirectInputEvents = YES;
				INFOPLIST_KEY_UILaunchStoryboardName = LaunchScreen;
				INFOPLIST_KEY_UIMainStoryboardFile = Main;
				INFOPLIST_KEY_UISupportedInterfaceOrientations_iPad = "UIInterfaceOrientationPortrait UIInterfaceOrientationPortraitUpsideDown UIInterfaceOrientationLandscapeLeft UIInterfaceOrientationLandscapeRight";
				INFOPLIST_KEY_UISupportedInterfaceOrientations_iPhone = "UIInterfaceOrientationPortrait UIInterfaceOrientationLandscapeLeft UIInterfaceOrientationLandscapeRight";
				IPHONEOS_DEPLOYMENT_TARGET = 15.5;
				LD_RUNPATH_SEARCH_PATHS = (
					"$(inherited)",
					"@executable_path/Frameworks",
				);
				MARKETING_VERSION = 1.0;
				PRODUCT_BUNDLE_IDENTIFIER = "ru.Alexander-Mayyura.TVmazeSchedule";
				PRODUCT_NAME = "$(TARGET_NAME)";
				SWIFT_EMIT_LOC_STRINGS = YES;
				SWIFT_VERSION = 5.0;
				TARGETED_DEVICE_FAMILY = "1,2";
			};
			name = Debug;
		};
		1F6CF7B1291474D800AD28A7 /* Release */ = {
			isa = XCBuildConfiguration;
			buildSettings = {
				ASSETCATALOG_COMPILER_APPICON_NAME = AppIcon;
				ASSETCATALOG_COMPILER_GLOBAL_ACCENT_COLOR_NAME = AccentColor;
				CODE_SIGN_STYLE = Automatic;
				CURRENT_PROJECT_VERSION = 1;
				DEVELOPMENT_TEAM = 22NTM9AJGF;
				GENERATE_INFOPLIST_FILE = YES;
				INFOPLIST_FILE = TVmazeSchedule/App/Info.plist;
				INFOPLIST_KEY_UIApplicationSupportsIndirectInputEvents = YES;
				INFOPLIST_KEY_UILaunchStoryboardName = LaunchScreen;
				INFOPLIST_KEY_UIMainStoryboardFile = Main;
				INFOPLIST_KEY_UISupportedInterfaceOrientations_iPad = "UIInterfaceOrientationPortrait UIInterfaceOrientationPortraitUpsideDown UIInterfaceOrientationLandscapeLeft UIInterfaceOrientationLandscapeRight";
				INFOPLIST_KEY_UISupportedInterfaceOrientations_iPhone = "UIInterfaceOrientationPortrait UIInterfaceOrientationLandscapeLeft UIInterfaceOrientationLandscapeRight";
				IPHONEOS_DEPLOYMENT_TARGET = 15.5;
				LD_RUNPATH_SEARCH_PATHS = (
					"$(inherited)",
					"@executable_path/Frameworks",
				);
				MARKETING_VERSION = 1.0;
				PRODUCT_BUNDLE_IDENTIFIER = "ru.Alexander-Mayyura.TVmazeSchedule";
				PRODUCT_NAME = "$(TARGET_NAME)";
				SWIFT_EMIT_LOC_STRINGS = YES;
				SWIFT_VERSION = 5.0;
				TARGETED_DEVICE_FAMILY = "1,2";
			};
			name = Release;
		};
/* End XCBuildConfiguration section */

/* Begin XCConfigurationList section */
		1F6CF796291474D500AD28A7 /* Build configuration list for PBXProject "TVmazeSchedule" */ = {
			isa = XCConfigurationList;
			buildConfigurations = (
				1F6CF7AD291474D800AD28A7 /* Debug */,
				1F6CF7AE291474D800AD28A7 /* Release */,
			);
			defaultConfigurationIsVisible = 0;
			defaultConfigurationName = Release;
		};
		1F6CF7AF291474D800AD28A7 /* Build configuration list for PBXNativeTarget "TVmazeSchedule" */ = {
			isa = XCConfigurationList;
			buildConfigurations = (
				1F6CF7B0291474D800AD28A7 /* Debug */,
				1F6CF7B1291474D800AD28A7 /* Release */,
			);
			defaultConfigurationIsVisible = 0;
			defaultConfigurationName = Release;
		};
/* End XCConfigurationList section */

/* Begin XCRemoteSwiftPackageReference section */
		1F97540F29238EFA002A9D3E /* XCRemoteSwiftPackageReference "Kingfisher" */ = {
			isa = XCRemoteSwiftPackageReference;
			repositoryURL = "https://github.com/onevcat/Kingfisher.git";
			requirement = {
				kind = upToNextMajorVersion;
				minimumVersion = 7.0.0;
			};
		};
		1FC14642291C2A1200718B20 /* XCRemoteSwiftPackageReference "SpringAnimation" */ = {
			isa = XCRemoteSwiftPackageReference;
			repositoryURL = "https://github.com/LexDeBash/SpringAnimation.git";
			requirement = {
				branch = main;
				kind = branch;
			};
		};
		1FF2FD9C291EF4EE00AC9C0C /* XCRemoteSwiftPackageReference "Alamofire" */ = {
			isa = XCRemoteSwiftPackageReference;
			repositoryURL = "https://github.com/Alamofire/Alamofire.git";
			requirement = {
				kind = exactVersion;
				version = 5.0.0;
			};
		};
/* End XCRemoteSwiftPackageReference section */

/* Begin XCSwiftPackageProductDependency section */
		1F97541029238EFA002A9D3E /* Kingfisher */ = {
			isa = XCSwiftPackageProductDependency;
			package = 1F97540F29238EFA002A9D3E /* XCRemoteSwiftPackageReference "Kingfisher" */;
			productName = Kingfisher;
		};
		1FC14646291C2DAA00718B20 /* SpringAnimation */ = {
			isa = XCSwiftPackageProductDependency;
			package = 1FC14642291C2A1200718B20 /* XCRemoteSwiftPackageReference "SpringAnimation" */;
			productName = SpringAnimation;
		};
		1FF2FD9D291EF4EE00AC9C0C /* Alamofire */ = {
			isa = XCSwiftPackageProductDependency;
			package = 1FF2FD9C291EF4EE00AC9C0C /* XCRemoteSwiftPackageReference "Alamofire" */;
			productName = Alamofire;
		};
/* End XCSwiftPackageProductDependency section */
	};
	rootObject = 1F6CF793291474D500AD28A7 /* Project object */;
}
